schema: '2.0'
stages:
  fetch:
    cmd: uv run python src/fetch_air_data.py
    deps:
    - path: src/fetch_air_data.py
      hash: md5
      md5: 654cab6cef4ad4df0b7265d72b3bcd0f
      size: 973
    params:
      params.yaml:
        fetch.url: 
          https://www.arso.gov.si/xml/zrak/ones_zrak_urni_podatki_7dni.xml
    outs:
    - path: data/raw/air/air_data.xml
      hash: md5
      md5: e366997e9baee26ba838988d5289415e
      size: 1217717
  preprocess:
    cmd: uv run python src/preprocess_air_data.py
    deps:
    - path: data/raw/air/air_data.xml
      hash: md5
      md5: e366997e9baee26ba838988d5289415e
      size: 1217717
    - path: src/preprocess_air_data.py
      hash: md5
      md5: a5bd66488a91f9b573d36438b331aaf8
      size: 3489
    params:
      params.yaml:
        preprocess.station: all
    outs:
    - path: data/preprocessed/air
      hash: md5
      md5: 6fa609038a3864f868e3c58d33bf4300.dir
      size: 1145999
      nfiles: 24
