schema: '2.0'
stages:
  fetch:
    cmd: uv run python src/fetch_air_data.py
    deps:
    - path: src/fetch_air_data.py
      hash: md5
      md5: 654cab6cef4ad4df0b7265d72b3bcd0f
      size: 973
    params:
      params.yaml:
        fetch.url: 
          https://www.arso.gov.si/xml/zrak/ones_zrak_urni_podatki_7dni.xml
    outs:
    - path: data/raw/air/air_data.xml
      hash: md5
      md5: 14c07a8536c4c8fc76348aee9fed354f
      size: 1214974
  preprocess:
    cmd: uv run python src/preprocess_air_data.py
    deps:
    - path: data/raw/air/air_data.xml
      hash: md5
      md5: 14c07a8536c4c8fc76348aee9fed354f
      size: 1214974
    - path: src/preprocess_air_data.py
      hash: md5
      md5: a5bd66488a91f9b573d36438b331aaf8
      size: 3489
    params:
      params.yaml:
        preprocess.station: all
    outs:
    - path: data/preprocessed/air
      hash: md5
      md5: 569f623e6ea4b47883b3fe042692c1fd.dir
      size: 853579
      nfiles: 24
